
Microsoft Visual Studio Solution File, Format Version 12.00
Project("{FAE04EC0-301F-11D3-BF4B-00C04F79EFBC}") = "Simple Inventory System", "Simple Inventory System\Simple Inventory System.csproj", "{74CE7B00-97C1-4919-A7B3-E570A186151F}"
EndProject
Project("{FAE04EC0-301F-11D3-BF4B-00C04F79EFBC}") = "Simple Inventory Test", "Simple Inventory Test\Simple Inventory Test.csproj", "{8B1D27BF-F5EB-4D07-8AD5-855CB2054057}"
EndProject
Global
	GlobalSection(SolutionConfigurationPlatforms) = preSolution
		Debug|Any CPU = Debug|Any CPU
		Release|Any CPU = Release|Any CPU
	EndGlobalSection
	GlobalSection(ProjectConfigurationPlatforms) = postSolution
		{74CE7B00-97C1-4919-A7B3-E570A186151F}.Debug|Any CPU.ActiveCfg = Debug|Any CPU
		{74CE7B00-97C1-4919-A7B3-E570A186151F}.Debug|Any CPU.Build.0 = Debug|Any CPU
		{74CE7B00-97C1-4919-A7B3-E570A186151F}.Release|Any CPU.ActiveCfg = Release|Any CPU
		{74CE7B00-97C1-4919-A7B3-E570A186151F}.Release|Any CPU.Build.0 = Release|Any CPU
		{8B1D27BF-F5EB-4D07-8AD5-855CB2054057}.Debug|Any CPU.ActiveCfg = Debug|Any CPU
		{8B1D27BF-F5EB-4D07-8AD5-855CB2054057}.Debug|Any CPU.Build.0 = Debug|Any CPU
		{8B1D27BF-F5EB-4D07-8AD5-855CB2054057}.Release|Any CPU.ActiveCfg = Release|Any CPU
		{8B1D27BF-F5EB-4D07-8AD5-855CB2054057}.Release|Any CPU.Build.0 = Release|Any CPU
	EndGlobalSection
EndGlobal
